
Microsoft Visual Studio Solution File, Format Version 12.00
# Visual Studio Version 17
VisualStudioVersion = 17.5.002.0
MinimumVisualStudioVersion = 10.0.40219.1
Project("{9A19103F-16F7-4668-BE54-9A1E7A4F7556}") = "Wordle.NET.WASM", "Wordle.NET.WASM.csproj", "{9778AFDA-66CE-4D13-8C83-4AB1500A95C8}"
EndProject
Global
	GlobalSection(SolutionConfigurationPlatforms) = preSolution
		Debug|Any CPU = Debug|Any CPU
		Release|Any CPU = Release|Any CPU
	EndGlobalSection
	GlobalSection(ProjectConfigurationPlatforms) = postSolution
		{9778AFDA-66CE-4D13-8C83-4AB1500A95C8}.Debug|Any CPU.ActiveCfg = Debug|Any CPU
		{9778AFDA-66CE-4D13-8C83-4AB1500A95C8}.Debug|Any CPU.Build.0 = Debug|Any CPU
		{9778AFDA-66CE-4D13-8C83-4AB1500A95C8}.Release|Any CPU.ActiveCfg = Release|Any CPU
		{9778AFDA-66CE-4D13-8C83-4AB1500A95C8}.Release|Any CPU.Build.0 = Release|Any CPU
	EndGlobalSection
	GlobalSection(SolutionProperties) = preSolution
		HideSolutionNode = FALSE
	EndGlobalSection
	GlobalSection(ExtensibilityGlobals) = postSolution
		SolutionGuid = {7126703F-8A3C-48DA-84B3-1B1E2C90C98A}
	EndGlobalSection
EndGlobal
